
Microsoft Visual Studio Solution File, Format Version 12.00
# Visual Studio 15
VisualStudioVersion = 15.0.27703.2026
MinimumVisualStudioVersion = 10.0.40219.1
Project("{9A19103F-16F7-4668-BE54-9A1E7A4F7556}") = "EFCoreSQLite", "src\EFCoreSQLite.csproj", "{EFF2B0DC-370E-4985-89F9-9E6764E88E28}"
EndProject
Global
	GlobalSection(SolutionConfigurationPlatforms) = preSolution
		Debug|Any CPU = Debug|Any CPU
		Release|Any CPU = Release|Any CPU
	EndGlobalSection
	GlobalSection(ProjectConfigurationPlatforms) = postSolution
		{EFF2B0DC-370E-4985-89F9-9E6764E88E28}.Debug|Any CPU.ActiveCfg = Debug|Any CPU
		{EFF2B0DC-370E-4985-89F9-9E6764E88E28}.Debug|Any CPU.Build.0 = Debug|Any CPU
		{EFF2B0DC-370E-4985-89F9-9E6764E88E28}.Release|Any CPU.ActiveCfg = Release|Any CPU
		{EFF2B0DC-370E-4985-89F9-9E6764E88E28}.Release|Any CPU.Build.0 = Release|Any CPU
	EndGlobalSection
	GlobalSection(SolutionProperties) = preSolution
		HideSolutionNode = FALSE
	EndGlobalSection
	GlobalSection(ExtensibilityGlobals) = postSolution
		SolutionGuid = {390A99CA-FFAC-48B7-B1D3-6F0272C05C97}
	EndGlobalSection
EndGlobal
